// !$*UTF8*$!
{
	archiveVersion = 1;
	classes = {
	};
	objectVersion = 54;
	objects = {

/* Begin PBXBuildFile section */
		00E356F31AD99517003FC87E /* ProjectfolderTests.m in Sources */ = {isa = PBXBuildFile; fileRef = 00E356F21AD99517003FC87E /* ProjectfolderTests.m */; };
		0C80B921A6F3F58F76C31292 /* libPods-Projectfolder.a in Frameworks */ = {isa = PBXBuildFile; fileRef = 5DCACB8F33CDC322A6C60F78 /* libPods-Projectfolder.a */; };
		13B07FBC1A68108700A75B9A /* AppDelegate.mm in Sources */ = {isa = PBXBuildFile; fileRef = 13B07FB01A68108700A75B9A /* AppDelegate.mm */; };
		13B07FBF1A68108700A75B9A /* Images.xcassets in Resources */ = {isa = PBXBuildFile; fileRef = 13B07FB51A68108700A75B9A /* Images.xcassets */; };
		13B07FC11A68108700A75B9A /* main.m in Sources */ = {isa = PBXBuildFile; fileRef = 13B07FB71A68108700A75B9A /* main.m */; };
		7699B88040F8A987B510C191 /* libPods-Projectfolder-ProjectfolderTests.a in Frameworks */ = {isa = PBXBuildFile; fileRef = 19F6CBCC0A4E27FBF8BF4A61 /* libPods-Projectfolder-ProjectfolderTests.a */; };
		81AB9BB82411601600AC10FF /* LaunchScreen.storyboard in Resources */ = {isa = PBXBuildFile; fileRef = 81AB9BB72411601600AC10FF /* LaunchScreen.storyboard */; };
		F9CC93F4369749AFA8ACF599 /* PlusJakartaSans-Bold.ttf in Resources */ = {isa = PBXBuildFile; fileRef = 803E21462A6A4966B79D72A8 /* PlusJakartaSans-Bold.ttf */; };
		E6EFDDE5055541DBAB61191C /* PlusJakartaSans-BoldItalic.ttf in Resources */ = {isa = PBXBuildFile; fileRef = AC23154F0C0E4F21B37522DB /* PlusJakartaSans-BoldItalic.ttf */; };
		91948D594EE44F3FA26B449E /* PlusJakartaSans-ExtraBold.ttf in Resources */ = {isa = PBXBuildFile; fileRef = BABCABC77930491FBB758869 /* PlusJakartaSans-ExtraBold.ttf */; };
		9493DB6F98884173851468BB /* PlusJakartaSans-ExtraBoldItalic.ttf in Resources */ = {isa = PBXBuildFile; fileRef = 0DF1CFAE83D8437E99992805 /* PlusJakartaSans-ExtraBoldItalic.ttf */; };
		827126026BD74EC5AE3813B3 /* PlusJakartaSans-ExtraLight.ttf in Resources */ = {isa = PBXBuildFile; fileRef = 1AB588AA185C4937AB7EB0BB /* PlusJakartaSans-ExtraLight.ttf */; };
		C1055E9ACC1243E8ABCB8A0C /* PlusJakartaSans-ExtraLightItalic.ttf in Resources */ = {isa = PBXBuildFile; fileRef = 10387D49ECEA4B06ACE278BD /* PlusJakartaSans-ExtraLightItalic.ttf */; };
		E6782EBD936F42FB996AD36B /* PlusJakartaSans-Italic-VariableFont_wght.ttf in Resources */ = {isa = PBXBuildFile; fileRef = C8AC987A80584C24B974DB7D /* PlusJakartaSans-Italic-VariableFont_wght.ttf */; };
		DCFD32E5DBA344AF8A5C8762 /* PlusJakartaSans-Italic.ttf in Resources */ = {isa = PBXBuildFile; fileRef = C64EB941F5B04E2B9AD2B790 /* PlusJakartaSans-Italic.ttf */; };
		A87825403EAB4A7FBC5200D7 /* PlusJakartaSans-Light.ttf in Resources */ = {isa = PBXBuildFile; fileRef = B845C939A4D84C5BB08BDB0C /* PlusJakartaSans-Light.ttf */; };
		D1E47C3F1EBF479486234EFA /* PlusJakartaSans-LightItalic.ttf in Resources */ = {isa = PBXBuildFile; fileRef = 0C5DB80BD4A344F997B08801 /* PlusJakartaSans-LightItalic.ttf */; };
		4EB89D005FC848F38A9AC576 /* PlusJakartaSans-Medium.ttf in Resources */ = {isa = PBXBuildFile; fileRef = 04A168BDDD064226B7497F95 /* PlusJakartaSans-Medium.ttf */; };
		AC6841EA04334EA89FDA725A /* PlusJakartaSans-MediumItalic.ttf in Resources */ = {isa = PBXBuildFile; fileRef = F0531C3963CB44A0A2B5391C /* PlusJakartaSans-MediumItalic.ttf */; };
		60B3D01CFB054C3F911E59E4 /* PlusJakartaSans-Regular.ttf in Resources */ = {isa = PBXBuildFile; fileRef = A53D1BBC656D401FADF34712 /* PlusJakartaSans-Regular.ttf */; };
		36532000C4A7431385E09848 /* PlusJakartaSans-SemiBold.ttf in Resources */ = {isa = PBXBuildFile; fileRef = 8FFF4D3186354E68BBF1B60A /* PlusJakartaSans-SemiBold.ttf */; };
		94F351ACCC774DAAA65F02C1 /* PlusJakartaSans-SemiBoldItalic.ttf in Resources */ = {isa = PBXBuildFile; fileRef = 8C0A08313ADB47EFBD780CC8 /* PlusJakartaSans-SemiBoldItalic.ttf */; };
		B77905F7DF05444C8F62822B /* PlusJakartaSans-VariableFont_wght.ttf in Resources */ = {isa = PBXBuildFile; fileRef = 15AB92EF30B54A92982F6F8F /* PlusJakartaSans-VariableFont_wght.ttf */; };
		00002EFF5D3C48849243BFBB /* Poppins-Black.ttf in Resources */ = {isa = PBXBuildFile; fileRef = 28C432493E004DD8AC144540 /* Poppins-Black.ttf */; };
		F2DB45657CD5494794E53D60 /* Poppins-BlackItalic.ttf in Resources */ = {isa = PBXBuildFile; fileRef = A6DBB2BB37734DCFB8ECE463 /* Poppins-BlackItalic.ttf */; };
		8BBFB7BA021C47149BE50CF6 /* Poppins-Bold.ttf in Resources */ = {isa = PBXBuildFile; fileRef = E786B2FBF71141549161FCFA /* Poppins-Bold.ttf */; };
		21882885C602404898F16C7B /* Poppins-BoldItalic.ttf in Resources */ = {isa = PBXBuildFile; fileRef = 7916FA7B6E0940B480343D67 /* Poppins-BoldItalic.ttf */; };
		E204DEDD23584333875C5306 /* Poppins-ExtraBold.ttf in Resources */ = {isa = PBXBuildFile; fileRef = 667AC79559AE4B8CADA98CE2 /* Poppins-ExtraBold.ttf */; };
		96CBA434C74C47849FFB6E2D /* Poppins-ExtraBoldItalic.ttf in Resources */ = {isa = PBXBuildFile; fileRef = 470880D9E8844C81AE4FE157 /* Poppins-ExtraBoldItalic.ttf */; };
		A251CD5B330544F3B5CF24D2 /* Poppins-ExtraLight.ttf in Resources */ = {isa = PBXBuildFile; fileRef = DD250D7FDA204868812B9C3B /* Poppins-ExtraLight.ttf */; };
		E86CD166F96F4D15B1F74089 /* Poppins-ExtraLightItalic.ttf in Resources */ = {isa = PBXBuildFile; fileRef = 89E2837F07C644439A96E504 /* Poppins-ExtraLightItalic.ttf */; };
		35C08BCD923045A68C6CE226 /* Poppins-Italic.ttf in Resources */ = {isa = PBXBuildFile; fileRef = FDBEDCE975E84300890EFCB8 /* Poppins-Italic.ttf */; };
		A9B88A468FFE4CF9AA3FE9B3 /* Poppins-Light.ttf in Resources */ = {isa = PBXBuildFile; fileRef = E18C88B8CF03490CA6901130 /* Poppins-Light.ttf */; };
		ADCA5ED8425B4223BA236212 /* Poppins-LightItalic.ttf in Resources */ = {isa = PBXBuildFile; fileRef = 8479E522C35A49729830EDD8 /* Poppins-LightItalic.ttf */; };
		D4743412DD95403F8EE16708 /* Poppins-Medium.ttf in Resources */ = {isa = PBXBuildFile; fileRef = 37C71BFA64DD4644925D68B3 /* Poppins-Medium.ttf */; };
		9A3E586412E3442D89484FE7 /* Poppins-MediumItalic.ttf in Resources */ = {isa = PBXBuildFile; fileRef = A844FC1F2FF7405EBBCC8376 /* Poppins-MediumItalic.ttf */; };
		43044673B6D84C5EB54028E7 /* Poppins-Regular.ttf in Resources */ = {isa = PBXBuildFile; fileRef = F08F8B31B0534CC19F6DA615 /* Poppins-Regular.ttf */; };
		58BC5DB2493E4810BBE0B383 /* Poppins-SemiBold.ttf in Resources */ = {isa = PBXBuildFile; fileRef = 0B5E7A49A2234ECBA5A11315 /* Poppins-SemiBold.ttf */; };
		C1F6E12F1317421AA89DFF4F /* Poppins-SemiBoldItalic.ttf in Resources */ = {isa = PBXBuildFile; fileRef = B54CD0DE025945D7863BA247 /* Poppins-SemiBoldItalic.ttf */; };
		4362363CCF4A4BADB9A35DDC /* Poppins-Thin.ttf in Resources */ = {isa = PBXBuildFile; fileRef = 570ED35E6FB34DD299B347BA /* Poppins-Thin.ttf */; };
		8A978674545C42A5B5AB9B50 /* Poppins-ThinItalic.ttf in Resources */ = {isa = PBXBuildFile; fileRef = 6E8C357D6C5542D5B3AB1FC6 /* Poppins-ThinItalic.ttf */; };
		C0B5511B5E96440DB9379F8C /* README.txt in Resources */ = {isa = PBXBuildFile; fileRef = 42EFA1E6C4DA40AEB645C872 /* README.txt */; };
/* End PBXBuildFile section */

/* Begin PBXContainerItemProxy section */
		00E356F41AD99517003FC87E /* PBXContainerItemProxy */ = {
			isa = PBXContainerItemProxy;
			containerPortal = 83CBB9F71A601CBA00E9B192 /* Project object */;
			proxyType = 1;
			remoteGlobalIDString = 13B07F861A680F5B00A75B9A;
			remoteInfo = Projectfolder;
		};
/* End PBXContainerItemProxy section */

/* Begin PBXFileReference section */
		00E356EE1AD99517003FC87E /* ProjectfolderTests.xctest */ = {isa = PBXFileReference; explicitFileType = wrapper.cfbundle; includeInIndex = 0; path = ProjectfolderTests.xctest; sourceTree = BUILT_PRODUCTS_DIR; };
		00E356F11AD99517003FC87E /* Info.plist */ = {isa = PBXFileReference; lastKnownFileType = text.plist.xml; path = Info.plist; sourceTree = "<group>"; };
		00E356F21AD99517003FC87E /* ProjectfolderTests.m */ = {isa = PBXFileReference; lastKnownFileType = sourcecode.c.objc; path = ProjectfolderTests.m; sourceTree = "<group>"; };
		13B07F961A680F5B00A75B9A /* Projectfolder.app */ = {isa = PBXFileReference; explicitFileType = wrapper.application; includeInIndex = 0; path = Projectfolder.app; sourceTree = BUILT_PRODUCTS_DIR; };
		13B07FAF1A68108700A75B9A /* AppDelegate.h */ = {isa = PBXFileReference; fileEncoding = 4; lastKnownFileType = sourcecode.c.h; name = AppDelegate.h; path = Projectfolder/AppDelegate.h; sourceTree = "<group>"; };
		13B07FB01A68108700A75B9A /* AppDelegate.mm */ = {isa = PBXFileReference; fileEncoding = 4; lastKnownFileType = sourcecode.cpp.objcpp; name = AppDelegate.mm; path = Projectfolder/AppDelegate.mm; sourceTree = "<group>"; };
		13B07FB51A68108700A75B9A /* Images.xcassets */ = {isa = PBXFileReference; lastKnownFileType = folder.assetcatalog; name = Images.xcassets; path = Projectfolder/Images.xcassets; sourceTree = "<group>"; };
		13B07FB61A68108700A75B9A /* Info.plist */ = {isa = PBXFileReference; fileEncoding = 4; lastKnownFileType = text.plist.xml; name = Info.plist; path = Projectfolder/Info.plist; sourceTree = "<group>"; };
		13B07FB71A68108700A75B9A /* main.m */ = {isa = PBXFileReference; fileEncoding = 4; lastKnownFileType = sourcecode.c.objc; name = main.m; path = Projectfolder/main.m; sourceTree = "<group>"; };
		19F6CBCC0A4E27FBF8BF4A61 /* libPods-Projectfolder-ProjectfolderTests.a */ = {isa = PBXFileReference; explicitFileType = archive.ar; includeInIndex = 0; path = "libPods-Projectfolder-ProjectfolderTests.a"; sourceTree = BUILT_PRODUCTS_DIR; };
		3B4392A12AC88292D35C810B /* Pods-Projectfolder.debug.xcconfig */ = {isa = PBXFileReference; includeInIndex = 1; lastKnownFileType = text.xcconfig; name = "Pods-Projectfolder.debug.xcconfig"; path = "Target Support Files/Pods-Projectfolder/Pods-Projectfolder.debug.xcconfig"; sourceTree = "<group>"; };
		5709B34CF0A7D63546082F79 /* Pods-Projectfolder.release.xcconfig */ = {isa = PBXFileReference; includeInIndex = 1; lastKnownFileType = text.xcconfig; name = "Pods-Projectfolder.release.xcconfig"; path = "Target Support Files/Pods-Projectfolder/Pods-Projectfolder.release.xcconfig"; sourceTree = "<group>"; };
		5B7EB9410499542E8C5724F5 /* Pods-Projectfolder-ProjectfolderTests.debug.xcconfig */ = {isa = PBXFileReference; includeInIndex = 1; lastKnownFileType = text.xcconfig; name = "Pods-Projectfolder-ProjectfolderTests.debug.xcconfig"; path = "Target Support Files/Pods-Projectfolder-ProjectfolderTests/Pods-Projectfolder-ProjectfolderTests.debug.xcconfig"; sourceTree = "<group>"; };
		5DCACB8F33CDC322A6C60F78 /* libPods-Projectfolder.a */ = {isa = PBXFileReference; explicitFileType = archive.ar; includeInIndex = 0; path = "libPods-Projectfolder.a"; sourceTree = BUILT_PRODUCTS_DIR; };
		81AB9BB72411601600AC10FF /* LaunchScreen.storyboard */ = {isa = PBXFileReference; fileEncoding = 4; lastKnownFileType = file.storyboard; name = LaunchScreen.storyboard; path = Projectfolder/LaunchScreen.storyboard; sourceTree = "<group>"; };
		89C6BE57DB24E9ADA2F236DE /* Pods-Projectfolder-ProjectfolderTests.release.xcconfig */ = {isa = PBXFileReference; includeInIndex = 1; lastKnownFileType = text.xcconfig; name = "Pods-Projectfolder-ProjectfolderTests.release.xcconfig"; path = "Target Support Files/Pods-Projectfolder-ProjectfolderTests/Pods-Projectfolder-ProjectfolderTests.release.xcconfig"; sourceTree = "<group>"; };
		ED297162215061F000B7C4FE /* JavaScriptCore.framework */ = {isa = PBXFileReference; lastKnownFileType = wrapper.framework; name = JavaScriptCore.framework; path = System/Library/Frameworks/JavaScriptCore.framework; sourceTree = SDKROOT; };
		803E21462A6A4966B79D72A8 /* PlusJakartaSans-Bold.ttf */ = {isa = PBXFileReference; name = "PlusJakartaSans-Bold.ttf"; path = "../src/Assets/FontFamily/PlusJakartaSans-Bold.ttf"; sourceTree = "<group>"; fileEncoding = undefined; lastKnownFileType = unknown; explicitFileType = undefined; includeInIndex = 0; };
		AC23154F0C0E4F21B37522DB /* PlusJakartaSans-BoldItalic.ttf */ = {isa = PBXFileReference; name = "PlusJakartaSans-BoldItalic.ttf"; path = "../src/Assets/FontFamily/PlusJakartaSans-BoldItalic.ttf"; sourceTree = "<group>"; fileEncoding = undefined; lastKnownFileType = unknown; explicitFileType = undefined; includeInIndex = 0; };
		BABCABC77930491FBB758869 /* PlusJakartaSans-ExtraBold.ttf */ = {isa = PBXFileReference; name = "PlusJakartaSans-ExtraBold.ttf"; path = "../src/Assets/FontFamily/PlusJakartaSans-ExtraBold.ttf"; sourceTree = "<group>"; fileEncoding = undefined; lastKnownFileType = unknown; explicitFileType = undefined; includeInIndex = 0; };
		0DF1CFAE83D8437E99992805 /* PlusJakartaSans-ExtraBoldItalic.ttf */ = {isa = PBXFileReference; name = "PlusJakartaSans-ExtraBoldItalic.ttf"; path = "../src/Assets/FontFamily/PlusJakartaSans-ExtraBoldItalic.ttf"; sourceTree = "<group>"; fileEncoding = undefined; lastKnownFileType = unknown; explicitFileType = undefined; includeInIndex = 0; };
		1AB588AA185C4937AB7EB0BB /* PlusJakartaSans-ExtraLight.ttf */ = {isa = PBXFileReference; name = "PlusJakartaSans-ExtraLight.ttf"; path = "../src/Assets/FontFamily/PlusJakartaSans-ExtraLight.ttf"; sourceTree = "<group>"; fileEncoding = undefined; lastKnownFileType = unknown; explicitFileType = undefined; includeInIndex = 0; };
		10387D49ECEA4B06ACE278BD /* PlusJakartaSans-ExtraLightItalic.ttf */ = {isa = PBXFileReference; name = "PlusJakartaSans-ExtraLightItalic.ttf"; path = "../src/Assets/FontFamily/PlusJakartaSans-ExtraLightItalic.ttf"; sourceTree = "<group>"; fileEncoding = undefined; lastKnownFileType = unknown; explicitFileType = undefined; includeInIndex = 0; };
		C8AC987A80584C24B974DB7D /* PlusJakartaSans-Italic-VariableFont_wght.ttf */ = {isa = PBXFileReference; name = "PlusJakartaSans-Italic-VariableFont_wght.ttf"; path = "../src/Assets/FontFamily/PlusJakartaSans-Italic-VariableFont_wght.ttf"; sourceTree = "<group>"; fileEncoding = undefined; lastKnownFileType = unknown; explicitFileType = undefined; includeInIndex = 0; };
		C64EB941F5B04E2B9AD2B790 /* PlusJakartaSans-Italic.ttf */ = {isa = PBXFileReference; name = "PlusJakartaSans-Italic.ttf"; path = "../src/Assets/FontFamily/PlusJakartaSans-Italic.ttf"; sourceTree = "<group>"; fileEncoding = undefined; lastKnownFileType = unknown; explicitFileType = undefined; includeInIndex = 0; };
		B845C939A4D84C5BB08BDB0C /* PlusJakartaSans-Light.ttf */ = {isa = PBXFileReference; name = "PlusJakartaSans-Light.ttf"; path = "../src/Assets/FontFamily/PlusJakartaSans-Light.ttf"; sourceTree = "<group>"; fileEncoding = undefined; lastKnownFileType = unknown; explicitFileType = undefined; includeInIndex = 0; };
		0C5DB80BD4A344F997B08801 /* PlusJakartaSans-LightItalic.ttf */ = {isa = PBXFileReference; name = "PlusJakartaSans-LightItalic.ttf"; path = "../src/Assets/FontFamily/PlusJakartaSans-LightItalic.ttf"; sourceTree = "<group>"; fileEncoding = undefined; lastKnownFileType = unknown; explicitFileType = undefined; includeInIndex = 0; };
		04A168BDDD064226B7497F95 /* PlusJakartaSans-Medium.ttf */ = {isa = PBXFileReference; name = "PlusJakartaSans-Medium.ttf"; path = "../src/Assets/FontFamily/PlusJakartaSans-Medium.ttf"; sourceTree = "<group>"; fileEncoding = undefined; lastKnownFileType = unknown; explicitFileType = undefined; includeInIndex = 0; };
		F0531C3963CB44A0A2B5391C /* PlusJakartaSans-MediumItalic.ttf */ = {isa = PBXFileReference; name = "PlusJakartaSans-MediumItalic.ttf"; path = "../src/Assets/FontFamily/PlusJakartaSans-MediumItalic.ttf"; sourceTree = "<group>"; fileEncoding = undefined; lastKnownFileType = unknown; explicitFileType = undefined; includeInIndex = 0; };
		A53D1BBC656D401FADF34712 /* PlusJakartaSans-Regular.ttf */ = {isa = PBXFileReference; name = "PlusJakartaSans-Regular.ttf"; path = "../src/Assets/FontFamily/PlusJakartaSans-Regular.ttf"; sourceTree = "<group>"; fileEncoding = undefined; lastKnownFileType = unknown; explicitFileType = undefined; includeInIndex = 0; };
		8FFF4D3186354E68BBF1B60A /* PlusJakartaSans-SemiBold.ttf */ = {isa = PBXFileReference; name = "PlusJakartaSans-SemiBold.ttf"; path = "../src/Assets/FontFamily/PlusJakartaSans-SemiBold.ttf"; sourceTree = "<group>"; fileEncoding = undefined; lastKnownFileType = unknown; explicitFileType = undefined; includeInIndex = 0; };
		8C0A08313ADB47EFBD780CC8 /* PlusJakartaSans-SemiBoldItalic.ttf */ = {isa = PBXFileReference; name = "PlusJakartaSans-SemiBoldItalic.ttf"; path = "../src/Assets/FontFamily/PlusJakartaSans-SemiBoldItalic.ttf"; sourceTree = "<group>"; fileEncoding = undefined; lastKnownFileType = unknown; explicitFileType = undefined; includeInIndex = 0; };
		15AB92EF30B54A92982F6F8F /* PlusJakartaSans-VariableFont_wght.ttf */ = {isa = PBXFileReference; name = "PlusJakartaSans-VariableFont_wght.ttf"; path = "../src/Assets/FontFamily/PlusJakartaSans-VariableFont_wght.ttf"; sourceTree = "<group>"; fileEncoding = undefined; lastKnownFileType = unknown; explicitFileType = undefined; includeInIndex = 0; };
		28C432493E004DD8AC144540 /* Poppins-Black.ttf */ = {isa = PBXFileReference; name = "Poppins-Black.ttf"; path = "../src/Assets/FontFamily/Poppins-Black.ttf"; sourceTree = "<group>"; fileEncoding = undefined; lastKnownFileType = unknown; explicitFileType = undefined; includeInIndex = 0; };
		A6DBB2BB37734DCFB8ECE463 /* Poppins-BlackItalic.ttf */ = {isa = PBXFileReference; name = "Poppins-BlackItalic.ttf"; path = "../src/Assets/FontFamily/Poppins-BlackItalic.ttf"; sourceTree = "<group>"; fileEncoding = undefined; lastKnownFileType = unknown; explicitFileType = undefined; includeInIndex = 0; };
		E786B2FBF71141549161FCFA /* Poppins-Bold.ttf */ = {isa = PBXFileReference; name = "Poppins-Bold.ttf"; path = "../src/Assets/FontFamily/Poppins-Bold.ttf"; sourceTree = "<group>"; fileEncoding = undefined; lastKnownFileType = unknown; explicitFileType = undefined; includeInIndex = 0; };
		7916FA7B6E0940B480343D67 /* Poppins-BoldItalic.ttf */ = {isa = PBXFileReference; name = "Poppins-BoldItalic.ttf"; path = "../src/Assets/FontFamily/Poppins-BoldItalic.ttf"; sourceTree = "<group>"; fileEncoding = undefined; lastKnownFileType = unknown; explicitFileType = undefined; includeInIndex = 0; };
		667AC79559AE4B8CADA98CE2 /* Poppins-ExtraBold.ttf */ = {isa = PBXFileReference; name = "Poppins-ExtraBold.ttf"; path = "../src/Assets/FontFamily/Poppins-ExtraBold.ttf"; sourceTree = "<group>"; fileEncoding = undefined; lastKnownFileType = unknown; explicitFileType = undefined; includeInIndex = 0; };
		470880D9E8844C81AE4FE157 /* Poppins-ExtraBoldItalic.ttf */ = {isa = PBXFileReference; name = "Poppins-ExtraBoldItalic.ttf"; path = "../src/Assets/FontFamily/Poppins-ExtraBoldItalic.ttf"; sourceTree = "<group>"; fileEncoding = undefined; lastKnownFileType = unknown; explicitFileType = undefined; includeInIndex = 0; };
		DD250D7FDA204868812B9C3B /* Poppins-ExtraLight.ttf */ = {isa = PBXFileReference; name = "Poppins-ExtraLight.ttf"; path = "../src/Assets/FontFamily/Poppins-ExtraLight.ttf"; sourceTree = "<group>"; fileEncoding = undefined; lastKnownFileType = unknown; explicitFileType = undefined; includeInIndex = 0; };
		89E2837F07C644439A96E504 /* Poppins-ExtraLightItalic.ttf */ = {isa = PBXFileReference; name = "Poppins-ExtraLightItalic.ttf"; path = "../src/Assets/FontFamily/Poppins-ExtraLightItalic.ttf"; sourceTree = "<group>"; fileEncoding = undefined; lastKnownFileType = unknown; explicitFileType = undefined; includeInIndex = 0; };
		FDBEDCE975E84300890EFCB8 /* Poppins-Italic.ttf */ = {isa = PBXFileReference; name = "Poppins-Italic.ttf"; path = "../src/Assets/FontFamily/Poppins-Italic.ttf"; sourceTree = "<group>"; fileEncoding = undefined; lastKnownFileType = unknown; explicitFileType = undefined; includeInIndex = 0; };
		E18C88B8CF03490CA6901130 /* Poppins-Light.ttf */ = {isa = PBXFileReference; name = "Poppins-Light.ttf"; path = "../src/Assets/FontFamily/Poppins-Light.ttf"; sourceTree = "<group>"; fileEncoding = undefined; lastKnownFileType = unknown; explicitFileType = undefined; includeInIndex = 0; };
		8479E522C35A49729830EDD8 /* Poppins-LightItalic.ttf */ = {isa = PBXFileReference; name = "Poppins-LightItalic.ttf"; path = "../src/Assets/FontFamily/Poppins-LightItalic.ttf"; sourceTree = "<group>"; fileEncoding = undefined; lastKnownFileType = unknown; explicitFileType = undefined; includeInIndex = 0; };
		37C71BFA64DD4644925D68B3 /* Poppins-Medium.ttf */ = {isa = PBXFileReference; name = "Poppins-Medium.ttf"; path = "../src/Assets/FontFamily/Poppins-Medium.ttf"; sourceTree = "<group>"; fileEncoding = undefined; lastKnownFileType = unknown; explicitFileType = undefined; includeInIndex = 0; };
		A844FC1F2FF7405EBBCC8376 /* Poppins-MediumItalic.ttf */ = {isa = PBXFileReference; name = "Poppins-MediumItalic.ttf"; path = "../src/Assets/FontFamily/Poppins-MediumItalic.ttf"; sourceTree = "<group>"; fileEncoding = undefined; lastKnownFileType = unknown; explicitFileType = undefined; includeInIndex = 0; };
		F08F8B31B0534CC19F6DA615 /* Poppins-Regular.ttf */ = {isa = PBXFileReference; name = "Poppins-Regular.ttf"; path = "../src/Assets/FontFamily/Poppins-Regular.ttf"; sourceTree = "<group>"; fileEncoding = undefined; lastKnownFileType = unknown; explicitFileType = undefined; includeInIndex = 0; };
		0B5E7A49A2234ECBA5A11315 /* Poppins-SemiBold.ttf */ = {isa = PBXFileReference; name = "Poppins-SemiBold.ttf"; path = "../src/Assets/FontFamily/Poppins-SemiBold.ttf"; sourceTree = "<group>"; fileEncoding = undefined; lastKnownFileType = unknown; explicitFileType = undefined; includeInIndex = 0; };
		B54CD0DE025945D7863BA247 /* Poppins-SemiBoldItalic.ttf */ = {isa = PBXFileReference; name = "Poppins-SemiBoldItalic.ttf"; path = "../src/Assets/FontFamily/Poppins-SemiBoldItalic.ttf"; sourceTree = "<group>"; fileEncoding = undefined; lastKnownFileType = unknown; explicitFileType = undefined; includeInIndex = 0; };
		570ED35E6FB34DD299B347BA /* Poppins-Thin.ttf */ = {isa = PBXFileReference; name = "Poppins-Thin.ttf"; path = "../src/Assets/FontFamily/Poppins-Thin.ttf"; sourceTree = "<group>"; fileEncoding = undefined; lastKnownFileType = unknown; explicitFileType = undefined; includeInIndex = 0; };
		6E8C357D6C5542D5B3AB1FC6 /* Poppins-ThinItalic.ttf */ = {isa = PBXFileReference; name = "Poppins-ThinItalic.ttf"; path = "../src/Assets/FontFamily/Poppins-ThinItalic.ttf"; sourceTree = "<group>"; fileEncoding = undefined; lastKnownFileType = unknown; explicitFileType = undefined; includeInIndex = 0; };
		42EFA1E6C4DA40AEB645C872 /* README.txt */ = {isa = PBXFileReference; name = "README.txt"; path = "../src/Assets/FontFamily/README.txt"; sourceTree = "<group>"; fileEncoding = undefined; lastKnownFileType = unknown; explicitFileType = undefined; includeInIndex = 0; };
/* End PBXFileReference section */

/* Begin PBXFrameworksBuildPhase section */
		00E356EB1AD99517003FC87E /* Frameworks */ = {
			isa = PBXFrameworksBuildPhase;
			buildActionMask = 2147483647;
			files = (
				7699B88040F8A987B510C191 /* libPods-Projectfolder-ProjectfolderTests.a in Frameworks */,
			);
			runOnlyForDeploymentPostprocessing = 0;
		};
		13B07F8C1A680F5B00A75B9A /* Frameworks */ = {
			isa = PBXFrameworksBuildPhase;
			buildActionMask = 2147483647;
			files = (
				0C80B921A6F3F58F76C31292 /* libPods-Projectfolder.a in Frameworks */,
			);
			runOnlyForDeploymentPostprocessing = 0;
		};
/* End PBXFrameworksBuildPhase section */

/* Begin PBXGroup section */
		00E356EF1AD99517003FC87E /* ProjectfolderTests */ = {
			isa = PBXGroup;
			children = (
				00E356F21AD99517003FC87E /* ProjectfolderTests.m */,
				00E356F01AD99517003FC87E /* Supporting Files */,
			);
			path = ProjectfolderTests;
			sourceTree = "<group>";
		};
		00E356F01AD99517003FC87E /* Supporting Files */ = {
			isa = PBXGroup;
			children = (
				00E356F11AD99517003FC87E /* Info.plist */,
			);
			name = "Supporting Files";
			sourceTree = "<group>";
		};
		13B07FAE1A68108700A75B9A /* Projectfolder */ = {
			isa = PBXGroup;
			children = (
				13B07FAF1A68108700A75B9A /* AppDelegate.h */,
				13B07FB01A68108700A75B9A /* AppDelegate.mm */,
				13B07FB51A68108700A75B9A /* Images.xcassets */,
				13B07FB61A68108700A75B9A /* Info.plist */,
				81AB9BB72411601600AC10FF /* LaunchScreen.storyboard */,
				13B07FB71A68108700A75B9A /* main.m */,
			);
			name = Projectfolder;
			sourceTree = "<group>";
		};
		2D16E6871FA4F8E400B85C8A /* Frameworks */ = {
			isa = PBXGroup;
			children = (
				ED297162215061F000B7C4FE /* JavaScriptCore.framework */,
				5DCACB8F33CDC322A6C60F78 /* libPods-Projectfolder.a */,
				19F6CBCC0A4E27FBF8BF4A61 /* libPods-Projectfolder-ProjectfolderTests.a */,
			);
			name = Frameworks;
			sourceTree = "<group>";
		};
		832341AE1AAA6A7D00B99B32 /* Libraries */ = {
			isa = PBXGroup;
			children = (
			);
			name = Libraries;
			sourceTree = "<group>";
		};
		83CBB9F61A601CBA00E9B192 = {
			isa = PBXGroup;
			children = (
				13B07FAE1A68108700A75B9A /* Projectfolder */,
				832341AE1AAA6A7D00B99B32 /* Libraries */,
				00E356EF1AD99517003FC87E /* ProjectfolderTests */,
				83CBBA001A601CBA00E9B192 /* Products */,
				2D16E6871FA4F8E400B85C8A /* Frameworks */,
				BBD78D7AC51CEA395F1C20DB /* Pods */,
				5B8DE68FE4DD44299C2D8CBD /* Resources */,
			);
			indentWidth = 2;
			sourceTree = "<group>";
			tabWidth = 2;
			usesTabs = 0;
		};
		83CBBA001A601CBA00E9B192 /* Products */ = {
			isa = PBXGroup;
			children = (
				13B07F961A680F5B00A75B9A /* Projectfolder.app */,
				00E356EE1AD99517003FC87E /* ProjectfolderTests.xctest */,
			);
			name = Products;
			sourceTree = "<group>";
		};
		BBD78D7AC51CEA395F1C20DB /* Pods */ = {
			isa = PBXGroup;
			children = (
				3B4392A12AC88292D35C810B /* Pods-Projectfolder.debug.xcconfig */,
				5709B34CF0A7D63546082F79 /* Pods-Projectfolder.release.xcconfig */,
				5B7EB9410499542E8C5724F5 /* Pods-Projectfolder-ProjectfolderTests.debug.xcconfig */,
				89C6BE57DB24E9ADA2F236DE /* Pods-Projectfolder-ProjectfolderTests.release.xcconfig */,
			);
			path = Pods;
			sourceTree = "<group>";
		};
		5B8DE68FE4DD44299C2D8CBD /* Resources */ = {
			isa = "PBXGroup";
			children = (
				803E21462A6A4966B79D72A8 /* PlusJakartaSans-Bold.ttf */,
				AC23154F0C0E4F21B37522DB /* PlusJakartaSans-BoldItalic.ttf */,
				BABCABC77930491FBB758869 /* PlusJakartaSans-ExtraBold.ttf */,
				0DF1CFAE83D8437E99992805 /* PlusJakartaSans-ExtraBoldItalic.ttf */,
				1AB588AA185C4937AB7EB0BB /* PlusJakartaSans-ExtraLight.ttf */,
				10387D49ECEA4B06ACE278BD /* PlusJakartaSans-ExtraLightItalic.ttf */,
				C8AC987A80584C24B974DB7D /* PlusJakartaSans-Italic-VariableFont_wght.ttf */,
				C64EB941F5B04E2B9AD2B790 /* PlusJakartaSans-Italic.ttf */,
				B845C939A4D84C5BB08BDB0C /* PlusJakartaSans-Light.ttf */,
				0C5DB80BD4A344F997B08801 /* PlusJakartaSans-LightItalic.ttf */,
				04A168BDDD064226B7497F95 /* PlusJakartaSans-Medium.ttf */,
				F0531C3963CB44A0A2B5391C /* PlusJakartaSans-MediumItalic.ttf */,
				A53D1BBC656D401FADF34712 /* PlusJakartaSans-Regular.ttf */,
				8FFF4D3186354E68BBF1B60A /* PlusJakartaSans-SemiBold.ttf */,
				8C0A08313ADB47EFBD780CC8 /* PlusJakartaSans-SemiBoldItalic.ttf */,
				15AB92EF30B54A92982F6F8F /* PlusJakartaSans-VariableFont_wght.ttf */,
				28C432493E004DD8AC144540 /* Poppins-Black.ttf */,
				A6DBB2BB37734DCFB8ECE463 /* Poppins-BlackItalic.ttf */,
				E786B2FBF71141549161FCFA /* Poppins-Bold.ttf */,
				7916FA7B6E0940B480343D67 /* Poppins-BoldItalic.ttf */,
				667AC79559AE4B8CADA98CE2 /* Poppins-ExtraBold.ttf */,
				470880D9E8844C81AE4FE157 /* Poppins-ExtraBoldItalic.ttf */,
				DD250D7FDA204868812B9C3B /* Poppins-ExtraLight.ttf */,
				89E2837F07C644439A96E504 /* Poppins-ExtraLightItalic.ttf */,
				FDBEDCE975E84300890EFCB8 /* Poppins-Italic.ttf */,
				E18C88B8CF03490CA6901130 /* Poppins-Light.ttf */,
				8479E522C35A49729830EDD8 /* Poppins-LightItalic.ttf */,
				37C71BFA64DD4644925D68B3 /* Poppins-Medium.ttf */,
				A844FC1F2FF7405EBBCC8376 /* Poppins-MediumItalic.ttf */,
				F08F8B31B0534CC19F6DA615 /* Poppins-Regular.ttf */,
				0B5E7A49A2234ECBA5A11315 /* Poppins-SemiBold.ttf */,
				B54CD0DE025945D7863BA247 /* Poppins-SemiBoldItalic.ttf */,
				570ED35E6FB34DD299B347BA /* Poppins-Thin.ttf */,
				6E8C357D6C5542D5B3AB1FC6 /* Poppins-ThinItalic.ttf */,
				42EFA1E6C4DA40AEB645C872 /* README.txt */,
			);
			name = Resources;
			sourceTree = "<group>";
			path = "";
		};
/* End PBXGroup section */

/* Begin PBXNativeTarget section */
		00E356ED1AD99517003FC87E /* ProjectfolderTests */ = {
			isa = PBXNativeTarget;
			buildConfigurationList = 00E357021AD99517003FC87E /* Build configuration list for PBXNativeTarget "ProjectfolderTests" */;
			buildPhases = (
				A55EABD7B0C7F3A422A6CC61 /* [CP] Check Pods Manifest.lock */,
				00E356EA1AD99517003FC87E /* Sources */,
				00E356EB1AD99517003FC87E /* Frameworks */,
				00E356EC1AD99517003FC87E /* Resources */,
				C59DA0FBD6956966B86A3779 /* [CP] Embed Pods Frameworks */,
				F6A41C54EA430FDDC6A6ED99 /* [CP] Copy Pods Resources */,
			);
			buildRules = (
			);
			dependencies = (
				00E356F51AD99517003FC87E /* PBXTargetDependency */,
			);
			name = ProjectfolderTests;
			productName = ProjectfolderTests;
			productReference = 00E356EE1AD99517003FC87E /* ProjectfolderTests.xctest */;
			productType = "com.apple.product-type.bundle.unit-test";
		};
		13B07F861A680F5B00A75B9A /* Projectfolder */ = {
			isa = PBXNativeTarget;
			buildConfigurationList = 13B07F931A680F5B00A75B9A /* Build configuration list for PBXNativeTarget "Projectfolder" */;
			buildPhases = (
				C38B50BA6285516D6DCD4F65 /* [CP] Check Pods Manifest.lock */,
				FD10A7F022414F080027D42C /* Start Packager */,
				13B07F871A680F5B00A75B9A /* Sources */,
				13B07F8C1A680F5B00A75B9A /* Frameworks */,
				13B07F8E1A680F5B00A75B9A /* Resources */,
				00DD1BFF1BD5951E006B06BC /* Bundle React Native code and images */,
				00EEFC60759A1932668264C0 /* [CP] Embed Pods Frameworks */,
				E235C05ADACE081382539298 /* [CP] Copy Pods Resources */,
			);
			buildRules = (
			);
			dependencies = (
			);
			name = Projectfolder;
			productName = Projectfolder;
			productReference = 13B07F961A680F5B00A75B9A /* Projectfolder.app */;
			productType = "com.apple.product-type.application";
		};
/* End PBXNativeTarget section */

/* Begin PBXProject section */
		83CBB9F71A601CBA00E9B192 /* Project object */ = {
			isa = PBXProject;
			attributes = {
				LastUpgradeCheck = 1210;
				TargetAttributes = {
					00E356ED1AD99517003FC87E = {
						CreatedOnToolsVersion = 6.2;
						TestTargetID = 13B07F861A680F5B00A75B9A;
					};
					13B07F861A680F5B00A75B9A = {
						LastSwiftMigration = 1120;
					};
				};
			};
			buildConfigurationList = 83CBB9FA1A601CBA00E9B192 /* Build configuration list for PBXProject "Projectfolder" */;
			compatibilityVersion = "Xcode 12.0";
			developmentRegion = en;
			hasScannedForEncodings = 0;
			knownRegions = (
				en,
				Base,
			);
			mainGroup = 83CBB9F61A601CBA00E9B192;
			productRefGroup = 83CBBA001A601CBA00E9B192 /* Products */;
			projectDirPath = "";
			projectRoot = "";
			targets = (
				13B07F861A680F5B00A75B9A /* Projectfolder */,
				00E356ED1AD99517003FC87E /* ProjectfolderTests */,
			);
		};
/* End PBXProject section */

/* Begin PBXResourcesBuildPhase section */
		00E356EC1AD99517003FC87E /* Resources */ = {
			isa = PBXResourcesBuildPhase;
			buildActionMask = 2147483647;
			files = (
			);
			runOnlyForDeploymentPostprocessing = 0;
		};
		13B07F8E1A680F5B00A75B9A /* Resources */ = {
			isa = PBXResourcesBuildPhase;
			buildActionMask = 2147483647;
			files = (
				81AB9BB82411601600AC10FF /* LaunchScreen.storyboard in Resources */,
				13B07FBF1A68108700A75B9A /* Images.xcassets in Resources */,
				F9CC93F4369749AFA8ACF599 /* PlusJakartaSans-Bold.ttf in Resources */,
				E6EFDDE5055541DBAB61191C /* PlusJakartaSans-BoldItalic.ttf in Resources */,
				91948D594EE44F3FA26B449E /* PlusJakartaSans-ExtraBold.ttf in Resources */,
				9493DB6F98884173851468BB /* PlusJakartaSans-ExtraBoldItalic.ttf in Resources */,
				827126026BD74EC5AE3813B3 /* PlusJakartaSans-ExtraLight.ttf in Resources */,
				C1055E9ACC1243E8ABCB8A0C /* PlusJakartaSans-ExtraLightItalic.ttf in Resources */,
				E6782EBD936F42FB996AD36B /* PlusJakartaSans-Italic-VariableFont_wght.ttf in Resources */,
				DCFD32E5DBA344AF8A5C8762 /* PlusJakartaSans-Italic.ttf in Resources */,
				A87825403EAB4A7FBC5200D7 /* PlusJakartaSans-Light.ttf in Resources */,
				D1E47C3F1EBF479486234EFA /* PlusJakartaSans-LightItalic.ttf in Resources */,
				4EB89D005FC848F38A9AC576 /* PlusJakartaSans-Medium.ttf in Resources */,
				AC6841EA04334EA89FDA725A /* PlusJakartaSans-MediumItalic.ttf in Resources */,
				60B3D01CFB054C3F911E59E4 /* PlusJakartaSans-Regular.ttf in Resources */,
				36532000C4A7431385E09848 /* PlusJakartaSans-SemiBold.ttf in Resources */,
				94F351ACCC774DAAA65F02C1 /* PlusJakartaSans-SemiBoldItalic.ttf in Resources */,
				B77905F7DF05444C8F62822B /* PlusJakartaSans-VariableFont_wght.ttf in Resources */,
				00002EFF5D3C48849243BFBB /* Poppins-Black.ttf in Resources */,
				F2DB45657CD5494794E53D60 /* Poppins-BlackItalic.ttf in Resources */,
				8BBFB7BA021C47149BE50CF6 /* Poppins-Bold.ttf in Resources */,
				21882885C602404898F16C7B /* Poppins-BoldItalic.ttf in Resources */,
				E204DEDD23584333875C5306 /* Poppins-ExtraBold.ttf in Resources */,
				96CBA434C74C47849FFB6E2D /* Poppins-ExtraBoldItalic.ttf in Resources */,
				A251CD5B330544F3B5CF24D2 /* Poppins-ExtraLight.ttf in Resources */,
				E86CD166F96F4D15B1F74089 /* Poppins-ExtraLightItalic.ttf in Resources */,
				35C08BCD923045A68C6CE226 /* Poppins-Italic.ttf in Resources */,
				A9B88A468FFE4CF9AA3FE9B3 /* Poppins-Light.ttf in Resources */,
				ADCA5ED8425B4223BA236212 /* Poppins-LightItalic.ttf in Resources */,
				D4743412DD95403F8EE16708 /* Poppins-Medium.ttf in Resources */,
				9A3E586412E3442D89484FE7 /* Poppins-MediumItalic.ttf in Resources */,
				43044673B6D84C5EB54028E7 /* Poppins-Regular.ttf in Resources */,
				58BC5DB2493E4810BBE0B383 /* Poppins-SemiBold.ttf in Resources */,
				C1F6E12F1317421AA89DFF4F /* Poppins-SemiBoldItalic.ttf in Resources */,
				4362363CCF4A4BADB9A35DDC /* Poppins-Thin.ttf in Resources */,
				8A978674545C42A5B5AB9B50 /* Poppins-ThinItalic.ttf in Resources */,
				C0B5511B5E96440DB9379F8C /* README.txt in Resources */,
			);
			runOnlyForDeploymentPostprocessing = 0;
		};
/* End PBXResourcesBuildPhase section */

/* Begin PBXShellScriptBuildPhase section */
		00DD1BFF1BD5951E006B06BC /* Bundle React Native code and images */ = {
			isa = PBXShellScriptBuildPhase;
			buildActionMask = 2147483647;
			files = (
			);
			inputPaths = (
				"$(SRCROOT)/.xcode.env.local",
				"$(SRCROOT)/.xcode.env",
			);
			name = "Bundle React Native code and images";
			outputPaths = (
			);
			runOnlyForDeploymentPostprocessing = 0;
			shellPath = /bin/sh;
			shellScript = "set -e\n\nWITH_ENVIRONMENT=\"../node_modules/react-native/scripts/xcode/with-environment.sh\"\nREACT_NATIVE_XCODE=\"../node_modules/react-native/scripts/react-native-xcode.sh\"\n\n/bin/sh -c \"$WITH_ENVIRONMENT $REACT_NATIVE_XCODE\"\n";
		};
		00EEFC60759A1932668264C0 /* [CP] Embed Pods Frameworks */ = {
			isa = PBXShellScriptBuildPhase;
			buildActionMask = 2147483647;
			files = (
			);
			inputFileListPaths = (
				"${PODS_ROOT}/Target Support Files/Pods-Projectfolder/Pods-Projectfolder-frameworks-${CONFIGURATION}-input-files.xcfilelist",
			);
			name = "[CP] Embed Pods Frameworks";
			outputFileListPaths = (
				"${PODS_ROOT}/Target Support Files/Pods-Projectfolder/Pods-Projectfolder-frameworks-${CONFIGURATION}-output-files.xcfilelist",
			);
			runOnlyForDeploymentPostprocessing = 0;
			shellPath = /bin/sh;
			shellScript = "\"${PODS_ROOT}/Target Support Files/Pods-Projectfolder/Pods-Projectfolder-frameworks.sh\"\n";
			showEnvVarsInLog = 0;
		};
		A55EABD7B0C7F3A422A6CC61 /* [CP] Check Pods Manifest.lock */ = {
			isa = PBXShellScriptBuildPhase;
			buildActionMask = 2147483647;
			files = (
			);
			inputFileListPaths = (
			);
			inputPaths = (
				"${PODS_PODFILE_DIR_PATH}/Podfile.lock",
				"${PODS_ROOT}/Manifest.lock",
			);
			name = "[CP] Check Pods Manifest.lock";
			outputFileListPaths = (
			);
			outputPaths = (
				"$(DERIVED_FILE_DIR)/Pods-Projectfolder-ProjectfolderTests-checkManifestLockResult.txt",
			);
			runOnlyForDeploymentPostprocessing = 0;
			shellPath = /bin/sh;
			shellScript = "diff \"${PODS_PODFILE_DIR_PATH}/Podfile.lock\" \"${PODS_ROOT}/Manifest.lock\" > /dev/null\nif [ $? != 0 ] ; then\n    # print error to STDERR\n    echo \"error: The sandbox is not in sync with the Podfile.lock. Run 'pod install' or update your CocoaPods installation.\" >&2\n    exit 1\nfi\n# This output is used by Xcode 'outputs' to avoid re-running this script phase.\necho \"SUCCESS\" > \"${SCRIPT_OUTPUT_FILE_0}\"\n";
			showEnvVarsInLog = 0;
		};
		C38B50BA6285516D6DCD4F65 /* [CP] Check Pods Manifest.lock */ = {
			isa = PBXShellScriptBuildPhase;
			buildActionMask = 2147483647;
			files = (
			);
			inputFileListPaths = (
			);
			inputPaths = (
				"${PODS_PODFILE_DIR_PATH}/Podfile.lock",
				"${PODS_ROOT}/Manifest.lock",
			);
			name = "[CP] Check Pods Manifest.lock";
			outputFileListPaths = (
			);
			outputPaths = (
				"$(DERIVED_FILE_DIR)/Pods-Projectfolder-checkManifestLockResult.txt",
			);
			runOnlyForDeploymentPostprocessing = 0;
			shellPath = /bin/sh;
			shellScript = "diff \"${PODS_PODFILE_DIR_PATH}/Podfile.lock\" \"${PODS_ROOT}/Manifest.lock\" > /dev/null\nif [ $? != 0 ] ; then\n    # print error to STDERR\n    echo \"error: The sandbox is not in sync with the Podfile.lock. Run 'pod install' or update your CocoaPods installation.\" >&2\n    exit 1\nfi\n# This output is used by Xcode 'outputs' to avoid re-running this script phase.\necho \"SUCCESS\" > \"${SCRIPT_OUTPUT_FILE_0}\"\n";
			showEnvVarsInLog = 0;
		};
		C59DA0FBD6956966B86A3779 /* [CP] Embed Pods Frameworks */ = {
			isa = PBXShellScriptBuildPhase;
			buildActionMask = 2147483647;
			files = (
			);
			inputFileListPaths = (
				"${PODS_ROOT}/Target Support Files/Pods-Projectfolder-ProjectfolderTests/Pods-Projectfolder-ProjectfolderTests-frameworks-${CONFIGURATION}-input-files.xcfilelist",
			);
			name = "[CP] Embed Pods Frameworks";
			outputFileListPaths = (
				"${PODS_ROOT}/Target Support Files/Pods-Projectfolder-ProjectfolderTests/Pods-Projectfolder-ProjectfolderTests-frameworks-${CONFIGURATION}-output-files.xcfilelist",
			);
			runOnlyForDeploymentPostprocessing = 0;
			shellPath = /bin/sh;
			shellScript = "\"${PODS_ROOT}/Target Support Files/Pods-Projectfolder-ProjectfolderTests/Pods-Projectfolder-ProjectfolderTests-frameworks.sh\"\n";
			showEnvVarsInLog = 0;
		};
		E235C05ADACE081382539298 /* [CP] Copy Pods Resources */ = {
			isa = PBXShellScriptBuildPhase;
			buildActionMask = 2147483647;
			files = (
			);
			inputFileListPaths = (
				"${PODS_ROOT}/Target Support Files/Pods-Projectfolder/Pods-Projectfolder-resources-${CONFIGURATION}-input-files.xcfilelist",
			);
			name = "[CP] Copy Pods Resources";
			outputFileListPaths = (
				"${PODS_ROOT}/Target Support Files/Pods-Projectfolder/Pods-Projectfolder-resources-${CONFIGURATION}-output-files.xcfilelist",
			);
			runOnlyForDeploymentPostprocessing = 0;
			shellPath = /bin/sh;
			shellScript = "\"${PODS_ROOT}/Target Support Files/Pods-Projectfolder/Pods-Projectfolder-resources.sh\"\n";
			showEnvVarsInLog = 0;
		};
		F6A41C54EA430FDDC6A6ED99 /* [CP] Copy Pods Resources */ = {
			isa = PBXShellScriptBuildPhase;
			buildActionMask = 2147483647;
			files = (
			);
			inputFileListPaths = (
				"${PODS_ROOT}/Target Support Files/Pods-Projectfolder-ProjectfolderTests/Pods-Projectfolder-ProjectfolderTests-resources-${CONFIGURATION}-input-files.xcfilelist",
			);
			name = "[CP] Copy Pods Resources";
			outputFileListPaths = (
				"${PODS_ROOT}/Target Support Files/Pods-Projectfolder-ProjectfolderTests/Pods-Projectfolder-ProjectfolderTests-resources-${CONFIGURATION}-output-files.xcfilelist",
			);
			runOnlyForDeploymentPostprocessing = 0;
			shellPath = /bin/sh;
			shellScript = "\"${PODS_ROOT}/Target Support Files/Pods-Projectfolder-ProjectfolderTests/Pods-Projectfolder-ProjectfolderTests-resources.sh\"\n";
			showEnvVarsInLog = 0;
		};
		FD10A7F022414F080027D42C /* Start Packager */ = {
			isa = PBXShellScriptBuildPhase;
			buildActionMask = 2147483647;
			files = (
			);
			inputFileListPaths = (
			);
			inputPaths = (
			);
			name = "Start Packager";
			outputFileListPaths = (
			);
			outputPaths = (
			);
			runOnlyForDeploymentPostprocessing = 0;
			shellPath = /bin/sh;
			shellScript = "export RCT_METRO_PORT=\"${RCT_METRO_PORT:=8081}\"\necho \"export RCT_METRO_PORT=${RCT_METRO_PORT}\" > \"${SRCROOT}/../node_modules/react-native/scripts/.packager.env\"\nif [ -z \"${RCT_NO_LAUNCH_PACKAGER+xxx}\" ] ; then\n  if nc -w 5 -z localhost ${RCT_METRO_PORT} ; then\n    if ! curl -s \"http://localhost:${RCT_METRO_PORT}/status\" | grep -q \"packager-status:running\" ; then\n      echo \"Port ${RCT_METRO_PORT} already in use, packager is either not running or not running correctly\"\n      exit 2\n    fi\n  else\n    open \"$SRCROOT/../node_modules/react-native/scripts/launchPackager.command\" || echo \"Can't start packager automatically\"\n  fi\nfi\n";
			showEnvVarsInLog = 0;
		};
/* End PBXShellScriptBuildPhase section */

/* Begin PBXSourcesBuildPhase section */
		00E356EA1AD99517003FC87E /* Sources */ = {
			isa = PBXSourcesBuildPhase;
			buildActionMask = 2147483647;
			files = (
				00E356F31AD99517003FC87E /* ProjectfolderTests.m in Sources */,
			);
			runOnlyForDeploymentPostprocessing = 0;
		};
		13B07F871A680F5B00A75B9A /* Sources */ = {
			isa = PBXSourcesBuildPhase;
			buildActionMask = 2147483647;
			files = (
				13B07FBC1A68108700A75B9A /* AppDelegate.mm in Sources */,
				13B07FC11A68108700A75B9A /* main.m in Sources */,
			);
			runOnlyForDeploymentPostprocessing = 0;
		};
/* End PBXSourcesBuildPhase section */

/* Begin PBXTargetDependency section */
		00E356F51AD99517003FC87E /* PBXTargetDependency */ = {
			isa = PBXTargetDependency;
			target = 13B07F861A680F5B00A75B9A /* Projectfolder */;
			targetProxy = 00E356F41AD99517003FC87E /* PBXContainerItemProxy */;
		};
/* End PBXTargetDependency section */

/* Begin XCBuildConfiguration section */
		00E356F61AD99517003FC87E /* Debug */ = {
			isa = XCBuildConfiguration;
			baseConfigurationReference = 5B7EB9410499542E8C5724F5 /* Pods-Projectfolder-ProjectfolderTests.debug.xcconfig */;
			buildSettings = {
				BUNDLE_LOADER = "$(TEST_HOST)";
				GCC_PREPROCESSOR_DEFINITIONS = (
					"DEBUG=1",
					"$(inherited)",
				);
				INFOPLIST_FILE = ProjectfolderTests/Info.plist;
				IPHONEOS_DEPLOYMENT_TARGET = 12.4;
				LD_RUNPATH_SEARCH_PATHS = (
					"$(inherited)",
					"@executable_path/Frameworks",
					"@loader_path/Frameworks",
				);
				OTHER_LDFLAGS = (
					"-ObjC",
					"-lc++",
					"$(inherited)",
				);
				PRODUCT_BUNDLE_IDENTIFIER = "org.reactjs.native.example.$(PRODUCT_NAME:rfc1034identifier)";
				PRODUCT_NAME = "$(TARGET_NAME)";
				TEST_HOST = "$(BUILT_PRODUCTS_DIR)/Projectfolder.app/Projectfolder";
			};
			name = Debug;
		};
		00E356F71AD99517003FC87E /* Release */ = {
			isa = XCBuildConfiguration;
			baseConfigurationReference = 89C6BE57DB24E9ADA2F236DE /* Pods-Projectfolder-ProjectfolderTests.release.xcconfig */;
			buildSettings = {
				BUNDLE_LOADER = "$(TEST_HOST)";
				COPY_PHASE_STRIP = NO;
				INFOPLIST_FILE = ProjectfolderTests/Info.plist;
				IPHONEOS_DEPLOYMENT_TARGET = 12.4;
				LD_RUNPATH_SEARCH_PATHS = (
					"$(inherited)",
					"@executable_path/Frameworks",
					"@loader_path/Frameworks",
				);
				OTHER_LDFLAGS = (
					"-ObjC",
					"-lc++",
					"$(inherited)",
				);
				PRODUCT_BUNDLE_IDENTIFIER = "org.reactjs.native.example.$(PRODUCT_NAME:rfc1034identifier)";
				PRODUCT_NAME = "$(TARGET_NAME)";
				TEST_HOST = "$(BUILT_PRODUCTS_DIR)/Projectfolder.app/Projectfolder";
			};
			name = Release;
		};
		13B07F941A680F5B00A75B9A /* Debug */ = {
			isa = XCBuildConfiguration;
			baseConfigurationReference = 3B4392A12AC88292D35C810B /* Pods-Projectfolder.debug.xcconfig */;
			buildSettings = {
				ASSETCATALOG_COMPILER_APPICON_NAME = AppIcon;
				CLANG_ENABLE_MODULES = YES;
				CURRENT_PROJECT_VERSION = 1;
				ENABLE_BITCODE = NO;
				INFOPLIST_FILE = Projectfolder/Info.plist;
				LD_RUNPATH_SEARCH_PATHS = (
					"$(inherited)",
					"@executable_path/Frameworks",
				);
				MARKETING_VERSION = 1.0;
				OTHER_LDFLAGS = (
					"$(inherited)",
					"-ObjC",
					"-lc++",
				);
				PRODUCT_BUNDLE_IDENTIFIER = "org.reactjs.native.example.$(PRODUCT_NAME:rfc1034identifier)";
				PRODUCT_NAME = Projectfolder;
				SWIFT_OPTIMIZATION_LEVEL = "-Onone";
				SWIFT_VERSION = 5.0;
				VERSIONING_SYSTEM = "apple-generic";
			};
			name = Debug;
		};
		13B07F951A680F5B00A75B9A /* Release */ = {
			isa = XCBuildConfiguration;
			baseConfigurationReference = 5709B34CF0A7D63546082F79 /* Pods-Projectfolder.release.xcconfig */;
			buildSettings = {
				ASSETCATALOG_COMPILER_APPICON_NAME = AppIcon;
				CLANG_ENABLE_MODULES = YES;
				CURRENT_PROJECT_VERSION = 1;
				INFOPLIST_FILE = Projectfolder/Info.plist;
				LD_RUNPATH_SEARCH_PATHS = (
					"$(inherited)",
					"@executable_path/Frameworks",
				);
				MARKETING_VERSION = 1.0;
				OTHER_LDFLAGS = (
					"$(inherited)",
					"-ObjC",
					"-lc++",
				);
				PRODUCT_BUNDLE_IDENTIFIER = "org.reactjs.native.example.$(PRODUCT_NAME:rfc1034identifier)";
				PRODUCT_NAME = Projectfolder;
				SWIFT_VERSION = 5.0;
				VERSIONING_SYSTEM = "apple-generic";
			};
			name = Release;
		};
		83CBBA201A601CBA00E9B192 /* Debug */ = {
			isa = XCBuildConfiguration;
			buildSettings = {
				ALWAYS_SEARCH_USER_PATHS = NO;
				CLANG_ANALYZER_LOCALIZABILITY_NONLOCALIZED = YES;
				CLANG_CXX_LANGUAGE_STANDARD = "c++17";
				CLANG_CXX_LIBRARY = "libc++";
				CLANG_ENABLE_MODULES = YES;
				CLANG_ENABLE_OBJC_ARC = YES;
				CLANG_WARN_BLOCK_CAPTURE_AUTORELEASING = YES;
				CLANG_WARN_BOOL_CONVERSION = YES;
				CLANG_WARN_COMMA = YES;
				CLANG_WARN_CONSTANT_CONVERSION = YES;
				CLANG_WARN_DEPRECATED_OBJC_IMPLEMENTATIONS = YES;
				CLANG_WARN_DIRECT_OBJC_ISA_USAGE = YES_ERROR;
				CLANG_WARN_EMPTY_BODY = YES;
				CLANG_WARN_ENUM_CONVERSION = YES;
				CLANG_WARN_INFINITE_RECURSION = YES;
				CLANG_WARN_INT_CONVERSION = YES;
				CLANG_WARN_NON_LITERAL_NULL_CONVERSION = YES;
				CLANG_WARN_OBJC_IMPLICIT_RETAIN_SELF = YES;
				CLANG_WARN_OBJC_LITERAL_CONVERSION = YES;
				CLANG_WARN_OBJC_ROOT_CLASS = YES_ERROR;
				CLANG_WARN_QUOTED_INCLUDE_IN_FRAMEWORK_HEADER = YES;
				CLANG_WARN_RANGE_LOOP_ANALYSIS = YES;
				CLANG_WARN_STRICT_PROTOTYPES = YES;
				CLANG_WARN_SUSPICIOUS_MOVE = YES;
				CLANG_WARN_UNREACHABLE_CODE = YES;
				CLANG_WARN__DUPLICATE_METHOD_MATCH = YES;
				"CODE_SIGN_IDENTITY[sdk=iphoneos*]" = "iPhone Developer";
				COPY_PHASE_STRIP = NO;
				ENABLE_STRICT_OBJC_MSGSEND = YES;
				ENABLE_TESTABILITY = YES;
				"EXCLUDED_ARCHS[sdk=iphonesimulator*]" = "";
				GCC_C_LANGUAGE_STANDARD = gnu99;
				GCC_DYNAMIC_NO_PIC = NO;
				GCC_NO_COMMON_BLOCKS = YES;
				GCC_OPTIMIZATION_LEVEL = 0;
				GCC_PREPROCESSOR_DEFINITIONS = (
					"DEBUG=1",
					"$(inherited)",
				);
				GCC_SYMBOLS_PRIVATE_EXTERN = NO;
				GCC_WARN_64_TO_32_BIT_CONVERSION = YES;
				GCC_WARN_ABOUT_RETURN_TYPE = YES_ERROR;
				GCC_WARN_UNDECLARED_SELECTOR = YES;
				GCC_WARN_UNINITIALIZED_AUTOS = YES_AGGRESSIVE;
				GCC_WARN_UNUSED_FUNCTION = YES;
				GCC_WARN_UNUSED_VARIABLE = YES;
				IPHONEOS_DEPLOYMENT_TARGET = 12.4;
				LD_RUNPATH_SEARCH_PATHS = (
					/usr/lib/swift,
					"$(inherited)",
				);
				LIBRARY_SEARCH_PATHS = (
					"\"$(SDKROOT)/usr/lib/swift\"",
					"\"$(TOOLCHAIN_DIR)/usr/lib/swift/$(PLATFORM_NAME)\"",
					"\"$(inherited)\"",
				);
				MTL_ENABLE_DEBUG_INFO = YES;
				ONLY_ACTIVE_ARCH = YES;
				OTHER_CPLUSPLUSFLAGS = (
					"$(OTHER_CFLAGS)",
					"-DFOLLY_NO_CONFIG",
					"-DFOLLY_MOBILE=1",
					"-DFOLLY_USE_LIBCPP=1",
				);
				SDKROOT = iphoneos;
			};
			name = Debug;
		};
		83CBBA211A601CBA00E9B192 /* Release */ = {
			isa = XCBuildConfiguration;
			buildSettings = {
				ALWAYS_SEARCH_USER_PATHS = NO;
				CLANG_ANALYZER_LOCALIZABILITY_NONLOCALIZED = YES;
				CLANG_CXX_LANGUAGE_STANDARD = "c++17";
				CLANG_CXX_LIBRARY = "libc++";
				CLANG_ENABLE_MODULES = YES;
				CLANG_ENABLE_OBJC_ARC = YES;
				CLANG_WARN_BLOCK_CAPTURE_AUTORELEASING = YES;
				CLANG_WARN_BOOL_CONVERSION = YES;
				CLANG_WARN_COMMA = YES;
				CLANG_WARN_CONSTANT_CONVERSION = YES;
				CLANG_WARN_DEPRECATED_OBJC_IMPLEMENTATIONS = YES;
				CLANG_WARN_DIRECT_OBJC_ISA_USAGE = YES_ERROR;
				CLANG_WARN_EMPTY_BODY = YES;
				CLANG_WARN_ENUM_CONVERSION = YES;
				CLANG_WARN_INFINITE_RECURSION = YES;
				CLANG_WARN_INT_CONVERSION = YES;
				CLANG_WARN_NON_LITERAL_NULL_CONVERSION = YES;
				CLANG_WARN_OBJC_IMPLICIT_RETAIN_SELF = YES;
				CLANG_WARN_OBJC_LITERAL_CONVERSION = YES;
				CLANG_WARN_OBJC_ROOT_CLASS = YES_ERROR;
				CLANG_WARN_QUOTED_INCLUDE_IN_FRAMEWORK_HEADER = YES;
				CLANG_WARN_RANGE_LOOP_ANALYSIS = YES;
				CLANG_WARN_STRICT_PROTOTYPES = YES;
				CLANG_WARN_SUSPICIOUS_MOVE = YES;
				CLANG_WARN_UNREACHABLE_CODE = YES;
				CLANG_WARN__DUPLICATE_METHOD_MATCH = YES;
				"CODE_SIGN_IDENTITY[sdk=iphoneos*]" = "iPhone Developer";
				COPY_PHASE_STRIP = YES;
				ENABLE_NS_ASSERTIONS = NO;
				ENABLE_STRICT_OBJC_MSGSEND = YES;
				"EXCLUDED_ARCHS[sdk=iphonesimulator*]" = "";
				GCC_C_LANGUAGE_STANDARD = gnu99;
				GCC_NO_COMMON_BLOCKS = YES;
				GCC_WARN_64_TO_32_BIT_CONVERSION = YES;
				GCC_WARN_ABOUT_RETURN_TYPE = YES_ERROR;
				GCC_WARN_UNDECLARED_SELECTOR = YES;
				GCC_WARN_UNINITIALIZED_AUTOS = YES_AGGRESSIVE;
				GCC_WARN_UNUSED_FUNCTION = YES;
				GCC_WARN_UNUSED_VARIABLE = YES;
				IPHONEOS_DEPLOYMENT_TARGET = 12.4;
				LD_RUNPATH_SEARCH_PATHS = (
					/usr/lib/swift,
					"$(inherited)",
				);
				LIBRARY_SEARCH_PATHS = (
					"\"$(SDKROOT)/usr/lib/swift\"",
					"\"$(TOOLCHAIN_DIR)/usr/lib/swift/$(PLATFORM_NAME)\"",
					"\"$(inherited)\"",
				);
				MTL_ENABLE_DEBUG_INFO = NO;
				OTHER_CPLUSPLUSFLAGS = (
					"$(OTHER_CFLAGS)",
					"-DFOLLY_NO_CONFIG",
					"-DFOLLY_MOBILE=1",
					"-DFOLLY_USE_LIBCPP=1",
				);
				SDKROOT = iphoneos;
				VALIDATE_PRODUCT = YES;
			};
			name = Release;
		};
/* End XCBuildConfiguration section */

/* Begin XCConfigurationList section */
		00E357021AD99517003FC87E /* Build configuration list for PBXNativeTarget "ProjectfolderTests" */ = {
			isa = XCConfigurationList;
			buildConfigurations = (
				00E356F61AD99517003FC87E /* Debug */,
				00E356F71AD99517003FC87E /* Release */,
			);
			defaultConfigurationIsVisible = 0;
			defaultConfigurationName = Release;
		};
		13B07F931A680F5B00A75B9A /* Build configuration list for PBXNativeTarget "Projectfolder" */ = {
			isa = XCConfigurationList;
			buildConfigurations = (
				13B07F941A680F5B00A75B9A /* Debug */,
				13B07F951A680F5B00A75B9A /* Release */,
			);
			defaultConfigurationIsVisible = 0;
			defaultConfigurationName = Release;
		};
		83CBB9FA1A601CBA00E9B192 /* Build configuration list for PBXProject "Projectfolder" */ = {
			isa = XCConfigurationList;
			buildConfigurations = (
				83CBBA201A601CBA00E9B192 /* Debug */,
				83CBBA211A601CBA00E9B192 /* Release */,
			);
			defaultConfigurationIsVisible = 0;
			defaultConfigurationName = Release;
		};
/* End XCConfigurationList section */
	};
	rootObject = 83CBB9F71A601CBA00E9B192 /* Project object */;
}
